
Microsoft Visual Studio Solution File, Format Version 12.00
# Visual Studio Version 17
VisualStudioVersion = 17.0.31808.319
MinimumVisualStudioVersion = 10.0.40219.1
Project("{FAE04EC0-301F-11D3-BF4B-00C04F79EFBC}") = "table2-6", "table2-6\table2-6.csproj", "{048E25BE-2626-4F65-99A3-3907D41DFBBC}"
EndProject
Global
	GlobalSection(SolutionConfigurationPlatforms) = preSolution
		Debug|Any CPU = Debug|Any CPU
		Release|Any CPU = Release|Any CPU
	EndGlobalSection
	GlobalSection(ProjectConfigurationPlatforms) = postSolution
		{048E25BE-2626-4F65-99A3-3907D41DFBBC}.Debug|Any CPU.ActiveCfg = Debug|Any CPU
		{048E25BE-2626-4F65-99A3-3907D41DFBBC}.Debug|Any CPU.Build.0 = Debug|Any CPU
		{048E25BE-2626-4F65-99A3-3907D41DFBBC}.Release|Any CPU.ActiveCfg = Release|Any CPU
		{048E25BE-2626-4F65-99A3-3907D41DFBBC}.Release|Any CPU.Build.0 = Release|Any CPU
	EndGlobalSection
	GlobalSection(SolutionProperties) = preSolution
		HideSolutionNode = FALSE
	EndGlobalSection
	GlobalSection(ExtensibilityGlobals) = postSolution
		SolutionGuid = {0274E11A-D603-4FAB-80DE-164FB7DF1B5A}
	EndGlobalSection
EndGlobal
